// !$*UTF8*$!
{
	archiveVersion = 1;
	classes = {
	};
	objectVersion = 56;
	objects = {

/* Begin PBXBuildFile section */
		2EB0E8042CD0166200A91900 /* KeyboardView.swift in Sources */ = {isa = PBXBuildFile; fileRef = 2EB0E8032CD0166200A91900 /* KeyboardView.swift */; };
		2EB0E8062CD0168400A91900 /* KeyboardViewController.swift in Sources */ = {isa = PBXBuildFile; fileRef = 2EB0E8052CD0168400A91900 /* KeyboardViewController.swift */; };
		2EB0E8082CD0169E00A91900 /* GameBoardViewController.swift in Sources */ = {isa = PBXBuildFile; fileRef = 2EB0E8072CD0169E00A91900 /* GameBoardViewController.swift */; };
		2EB0E80A2CD016B700A91900 /* GameBoardView.swift in Sources */ = {isa = PBXBuildFile; fileRef = 2EB0E8092CD016B700A91900 /* GameBoardView.swift */; };
		9D4229BE2CCB36FF0046602D /* FirebaseCore in Frameworks */ = {isa = PBXBuildFile; productRef = 9D4229BD2CCB36FF0046602D /* FirebaseCore */; };
		9D4F9CDB2CEC0153006C111B /* GameFirebaseManager.swift in Sources */ = {isa = PBXBuildFile; fileRef = 9D4F9CDA2CEC0153006C111B /* GameFirebaseManager.swift */; };
		9D4F9CDD2CEC0D56006C111B /* GoogleService-Info.plist in Resources */ = {isa = PBXBuildFile; fileRef = 9D4F9CDC2CEC0D55006C111B /* GoogleService-Info.plist */; };
		9D58D7262CC9BEDA00C31811 /* FirebaseDatabase in Frameworks */ = {isa = PBXBuildFile; productRef = 9D58D7252CC9BEDA00C31811 /* FirebaseDatabase */; };
		9DA77E852CCB2D3C00ABECC5 /* FirebaseAuth in Frameworks */ = {isa = PBXBuildFile; productRef = 9DA77E842CCB2D3C00ABECC5 /* FirebaseAuth */; };
		9DA77E872CCB2D3C00ABECC5 /* FirebaseFirestore in Frameworks */ = {isa = PBXBuildFile; productRef = 9DA77E862CCB2D3C00ABECC5 /* FirebaseFirestore */; };
		9DA77E892CCB2D3C00ABECC5 /* FirebaseStorage in Frameworks */ = {isa = PBXBuildFile; productRef = 9DA77E882CCB2D3C00ABECC5 /* FirebaseStorage */; };
		9DABEBF02CED2CF700915093 /* words.txt in Resources */ = {isa = PBXBuildFile; fileRef = 9DABEBEF2CED2CF700915093 /* words.txt */; };
		9DABEBF22CED2F7B00915093 /* WordManager.swift in Sources */ = {isa = PBXBuildFile; fileRef = 9DABEBF12CED2F7A00915093 /* WordManager.swift */; };
		F2631D292CE932230017EFBF /* ProfileViewController.swift in Sources */ = {isa = PBXBuildFile; fileRef = F2631D282CE932230017EFBF /* ProfileViewController.swift */; };
		F2631D2B2CE932340017EFBF /* ProfileView.swift in Sources */ = {isa = PBXBuildFile; fileRef = F2631D2A2CE932340017EFBF /* ProfileView.swift */; };
		F2631D2E2CEAA5A00017EFBF /* AboutUsView.swift in Sources */ = {isa = PBXBuildFile; fileRef = F2631D2D2CEAA5A00017EFBF /* AboutUsView.swift */; };
		F2631D302CEAA5B20017EFBF /* AboutUsController.swift in Sources */ = {isa = PBXBuildFile; fileRef = F2631D2F2CEAA5B20017EFBF /* AboutUsController.swift */; };
		F2631D352CED14A90017EFBF /* Algorithms in Frameworks */ = {isa = PBXBuildFile; productRef = F2631D342CED14A90017EFBF /* Algorithms */; };
		F2631D382CED1C290017EFBF /* LeaderboardController.swift in Sources */ = {isa = PBXBuildFile; fileRef = F2631D372CED1C290017EFBF /* LeaderboardController.swift */; };
		F2631D3A2CED1C390017EFBF /* LeaderboardView.swift in Sources */ = {isa = PBXBuildFile; fileRef = F2631D392CED1C390017EFBF /* LeaderboardView.swift */; };
		F2631D3C2CED1F310017EFBF /* LeaderboardCell.swift in Sources */ = {isa = PBXBuildFile; fileRef = F2631D3B2CED1F310017EFBF /* LeaderboardCell.swift */; };
		F2E54D3F2CD812DE00C8DA5E /* HomeController.swift in Sources */ = {isa = PBXBuildFile; fileRef = F2E54D3E2CD812DE00C8DA5E /* HomeController.swift */; };
		F2E54D412CD812E900C8DA5E /* HomeView.swift in Sources */ = {isa = PBXBuildFile; fileRef = F2E54D402CD812E900C8DA5E /* HomeView.swift */; };
		F2E54D442CD81A0200C8DA5E /* SettingsView.swift in Sources */ = {isa = PBXBuildFile; fileRef = F2E54D432CD81A0200C8DA5E /* SettingsView.swift */; };
		F2E54D462CD81A1300C8DA5E /* SettingsController.swift in Sources */ = {isa = PBXBuildFile; fileRef = F2E54D452CD81A1300C8DA5E /* SettingsController.swift */; };
		F2F94F452CC8159E00642EDC /* AppDelegate.swift in Sources */ = {isa = PBXBuildFile; fileRef = F2F94F442CC8159E00642EDC /* AppDelegate.swift */; };
		F2F94F472CC8159E00642EDC /* SceneDelegate.swift in Sources */ = {isa = PBXBuildFile; fileRef = F2F94F462CC8159E00642EDC /* SceneDelegate.swift */; };
		F2F94F492CC8159E00642EDC /* ViewController.swift in Sources */ = {isa = PBXBuildFile; fileRef = F2F94F482CC8159E00642EDC /* ViewController.swift */; };
		F2F94F4C2CC8159E00642EDC /* Base in Resources */ = {isa = PBXBuildFile; fileRef = F2F94F4B2CC8159E00642EDC /* Base */; };
		F2F94F4E2CC8159F00642EDC /* Assets.xcassets in Resources */ = {isa = PBXBuildFile; fileRef = F2F94F4D2CC8159F00642EDC /* Assets.xcassets */; };
		F2F94F512CC8159F00642EDC /* Base in Resources */ = {isa = PBXBuildFile; fileRef = F2F94F502CC8159F00642EDC /* Base */; };
		F2F94F5A2CC816C600642EDC /* MainView.swift in Sources */ = {isa = PBXBuildFile; fileRef = F2F94F592CC816C600642EDC /* MainView.swift */; };
		F2F94F602CC825AF00642EDC /* logo.png in Resources */ = {isa = PBXBuildFile; fileRef = F2F94F5F2CC825AF00642EDC /* logo.png */; };
		F2F94F642CC831FC00642EDC /* LoginView.swift in Sources */ = {isa = PBXBuildFile; fileRef = F2F94F632CC831FC00642EDC /* LoginView.swift */; };
		F2F94F662CC8321200642EDC /* LoginController.swift in Sources */ = {isa = PBXBuildFile; fileRef = F2F94F652CC8321200642EDC /* LoginController.swift */; };
		F2F94F682CC8323C00642EDC /* SignupView.swift in Sources */ = {isa = PBXBuildFile; fileRef = F2F94F672CC8323C00642EDC /* SignupView.swift */; };
		F2F94F6A2CC8324C00642EDC /* SignupController.swift in Sources */ = {isa = PBXBuildFile; fileRef = F2F94F692CC8324C00642EDC /* SignupController.swift */; };
/* End PBXBuildFile section */

/* Begin PBXFileReference section */
		2EB0E8032CD0166200A91900 /* KeyboardView.swift */ = {isa = PBXFileReference; lastKnownFileType = sourcecode.swift; path = KeyboardView.swift; sourceTree = "<group>"; };
		2EB0E8052CD0168400A91900 /* KeyboardViewController.swift */ = {isa = PBXFileReference; lastKnownFileType = sourcecode.swift; path = KeyboardViewController.swift; sourceTree = "<group>"; };
		2EB0E8072CD0169E00A91900 /* GameBoardViewController.swift */ = {isa = PBXFileReference; lastKnownFileType = sourcecode.swift; path = GameBoardViewController.swift; sourceTree = "<group>"; };
		2EB0E8092CD016B700A91900 /* GameBoardView.swift */ = {isa = PBXFileReference; lastKnownFileType = sourcecode.swift; path = GameBoardView.swift; sourceTree = "<group>"; };
		9D4F9CDA2CEC0153006C111B /* GameFirebaseManager.swift */ = {isa = PBXFileReference; lastKnownFileType = sourcecode.swift; path = GameFirebaseManager.swift; sourceTree = "<group>"; };
		9D4F9CDC2CEC0D55006C111B /* GoogleService-Info.plist */ = {isa = PBXFileReference; fileEncoding = 4; lastKnownFileType = text.plist.xml; path = "GoogleService-Info.plist"; sourceTree = "<group>"; };
		9DABEBEF2CED2CF700915093 /* words.txt */ = {isa = PBXFileReference; fileEncoding = 4; lastKnownFileType = text; path = words.txt; sourceTree = "<group>"; };
		9DABEBF12CED2F7A00915093 /* WordManager.swift */ = {isa = PBXFileReference; lastKnownFileType = sourcecode.swift; path = WordManager.swift; sourceTree = "<group>"; };
		F2631D282CE932230017EFBF /* ProfileViewController.swift */ = {isa = PBXFileReference; lastKnownFileType = sourcecode.swift; path = ProfileViewController.swift; sourceTree = "<group>"; };
		F2631D2A2CE932340017EFBF /* ProfileView.swift */ = {isa = PBXFileReference; lastKnownFileType = sourcecode.swift; path = ProfileView.swift; sourceTree = "<group>"; };
		F2631D2D2CEAA5A00017EFBF /* AboutUsView.swift */ = {isa = PBXFileReference; lastKnownFileType = sourcecode.swift; path = AboutUsView.swift; sourceTree = "<group>"; };
		F2631D2F2CEAA5B20017EFBF /* AboutUsController.swift */ = {isa = PBXFileReference; lastKnownFileType = sourcecode.swift; path = AboutUsController.swift; sourceTree = "<group>"; };
		F2631D372CED1C290017EFBF /* LeaderboardController.swift */ = {isa = PBXFileReference; lastKnownFileType = sourcecode.swift; path = LeaderboardController.swift; sourceTree = "<group>"; };
		F2631D392CED1C390017EFBF /* LeaderboardView.swift */ = {isa = PBXFileReference; lastKnownFileType = sourcecode.swift; path = LeaderboardView.swift; sourceTree = "<group>"; };
		F2631D3B2CED1F310017EFBF /* LeaderboardCell.swift */ = {isa = PBXFileReference; lastKnownFileType = sourcecode.swift; path = LeaderboardCell.swift; sourceTree = "<group>"; };
		F2E54D3E2CD812DE00C8DA5E /* HomeController.swift */ = {isa = PBXFileReference; lastKnownFileType = sourcecode.swift; path = HomeController.swift; sourceTree = "<group>"; };
		F2E54D402CD812E900C8DA5E /* HomeView.swift */ = {isa = PBXFileReference; lastKnownFileType = sourcecode.swift; path = HomeView.swift; sourceTree = "<group>"; };
		F2E54D432CD81A0200C8DA5E /* SettingsView.swift */ = {isa = PBXFileReference; lastKnownFileType = sourcecode.swift; path = SettingsView.swift; sourceTree = "<group>"; };
		F2E54D452CD81A1300C8DA5E /* SettingsController.swift */ = {isa = PBXFileReference; lastKnownFileType = sourcecode.swift; path = SettingsController.swift; sourceTree = "<group>"; };
		F2F94F412CC8159E00642EDC /* WordleWarriors.app */ = {isa = PBXFileReference; explicitFileType = wrapper.application; includeInIndex = 0; path = WordleWarriors.app; sourceTree = BUILT_PRODUCTS_DIR; };
		F2F94F442CC8159E00642EDC /* AppDelegate.swift */ = {isa = PBXFileReference; lastKnownFileType = sourcecode.swift; path = AppDelegate.swift; sourceTree = "<group>"; };
		F2F94F462CC8159E00642EDC /* SceneDelegate.swift */ = {isa = PBXFileReference; lastKnownFileType = sourcecode.swift; path = SceneDelegate.swift; sourceTree = "<group>"; };
		F2F94F482CC8159E00642EDC /* ViewController.swift */ = {isa = PBXFileReference; lastKnownFileType = sourcecode.swift; path = ViewController.swift; sourceTree = "<group>"; };
		F2F94F4B2CC8159E00642EDC /* Base */ = {isa = PBXFileReference; lastKnownFileType = file.storyboard; name = Base; path = Base.lproj/Main.storyboard; sourceTree = "<group>"; };
		F2F94F4D2CC8159F00642EDC /* Assets.xcassets */ = {isa = PBXFileReference; lastKnownFileType = folder.assetcatalog; path = Assets.xcassets; sourceTree = "<group>"; };
		F2F94F502CC8159F00642EDC /* Base */ = {isa = PBXFileReference; lastKnownFileType = file.storyboard; name = Base; path = Base.lproj/LaunchScreen.storyboard; sourceTree = "<group>"; };
		F2F94F522CC8159F00642EDC /* Info.plist */ = {isa = PBXFileReference; lastKnownFileType = text.plist.xml; path = Info.plist; sourceTree = "<group>"; };
		F2F94F592CC816C600642EDC /* MainView.swift */ = {isa = PBXFileReference; lastKnownFileType = sourcecode.swift; path = MainView.swift; sourceTree = "<group>"; };
		F2F94F5F2CC825AF00642EDC /* logo.png */ = {isa = PBXFileReference; lastKnownFileType = image.png; path = logo.png; sourceTree = "<group>"; };
		F2F94F632CC831FC00642EDC /* LoginView.swift */ = {isa = PBXFileReference; lastKnownFileType = sourcecode.swift; path = LoginView.swift; sourceTree = "<group>"; };
		F2F94F652CC8321200642EDC /* LoginController.swift */ = {isa = PBXFileReference; lastKnownFileType = sourcecode.swift; path = LoginController.swift; sourceTree = "<group>"; };
		F2F94F672CC8323C00642EDC /* SignupView.swift */ = {isa = PBXFileReference; lastKnownFileType = sourcecode.swift; path = SignupView.swift; sourceTree = "<group>"; };
		F2F94F692CC8324C00642EDC /* SignupController.swift */ = {isa = PBXFileReference; lastKnownFileType = sourcecode.swift; path = SignupController.swift; sourceTree = "<group>"; };
/* End PBXFileReference section */

/* Begin PBXFrameworksBuildPhase section */
		F2F94F3E2CC8159E00642EDC /* Frameworks */ = {
			isa = PBXFrameworksBuildPhase;
			buildActionMask = 2147483647;
			files = (
				F2631D352CED14A90017EFBF /* Algorithms in Frameworks */,
				9D58D7262CC9BEDA00C31811 /* FirebaseDatabase in Frameworks */,
				9D4229BE2CCB36FF0046602D /* FirebaseCore in Frameworks */,
				9DA77E872CCB2D3C00ABECC5 /* FirebaseFirestore in Frameworks */,
				9DA77E852CCB2D3C00ABECC5 /* FirebaseAuth in Frameworks */,
				9DA77E892CCB2D3C00ABECC5 /* FirebaseStorage in Frameworks */,
			);
			runOnlyForDeploymentPostprocessing = 0;
		};
/* End PBXFrameworksBuildPhase section */

/* Begin PBXGroup section */
		2EB0E80B2CD016CD00A91900 /* Game Screen */ = {
			isa = PBXGroup;
			children = (
				9DDEF62C2CD56F2100B1A8A3 /* Controllers */,
				9DDEF62B2CD56F1500B1A8A3 /* Views */,
			);
			path = "Game Screen";
			sourceTree = "<group>";
		};
		9DDEF62B2CD56F1500B1A8A3 /* Views */ = {
			isa = PBXGroup;
			children = (
				2EB0E8092CD016B700A91900 /* GameBoardView.swift */,
				2EB0E8032CD0166200A91900 /* KeyboardView.swift */,
			);
			path = Views;
			sourceTree = "<group>";
		};
		9DDEF62C2CD56F2100B1A8A3 /* Controllers */ = {
			isa = PBXGroup;
			children = (
				2EB0E8072CD0169E00A91900 /* GameBoardViewController.swift */,
				2EB0E8052CD0168400A91900 /* KeyboardViewController.swift */,
				9D4F9CDA2CEC0153006C111B /* GameFirebaseManager.swift */,
			);
			path = Controllers;
			sourceTree = "<group>";
		};
		F2631D272CE932050017EFBF /* Profile Screen */ = {
			isa = PBXGroup;
			children = (
				F2631D282CE932230017EFBF /* ProfileViewController.swift */,
				F2631D2A2CE932340017EFBF /* ProfileView.swift */,
			);
			path = "Profile Screen";
			sourceTree = "<group>";
		};
		F2631D2C2CEAA5780017EFBF /* About Us Screen */ = {
			isa = PBXGroup;
			children = (
				F2631D2D2CEAA5A00017EFBF /* AboutUsView.swift */,
				F2631D2F2CEAA5B20017EFBF /* AboutUsController.swift */,
			);
			path = "About Us Screen";
			sourceTree = "<group>";
		};
		F2631D362CED1C150017EFBF /* Leaderboard */ = {
			isa = PBXGroup;
			children = (
				F2631D372CED1C290017EFBF /* LeaderboardController.swift */,
				F2631D392CED1C390017EFBF /* LeaderboardView.swift */,
				F2631D3B2CED1F310017EFBF /* LeaderboardCell.swift */,
			);
			path = Leaderboard;
			sourceTree = "<group>";
		};
		F2E54D3D2CD812B100C8DA5E /* Home Screen */ = {
			isa = PBXGroup;
			children = (
				F2E54D3E2CD812DE00C8DA5E /* HomeController.swift */,
				F2E54D402CD812E900C8DA5E /* HomeView.swift */,
			);
			path = "Home Screen";
			sourceTree = "<group>";
		};
		F2E54D422CD819ED00C8DA5E /* Settings Screen */ = {
			isa = PBXGroup;
			children = (
				F2E54D432CD81A0200C8DA5E /* SettingsView.swift */,
				F2E54D452CD81A1300C8DA5E /* SettingsController.swift */,
			);
			path = "Settings Screen";
			sourceTree = "<group>";
		};
		F2F94F382CC8159E00642EDC = {
			isa = PBXGroup;
			children = (
				F2F94F432CC8159E00642EDC /* WordleWarriors */,
				F2F94F422CC8159E00642EDC /* Products */,
			);
			sourceTree = "<group>";
		};
		F2F94F422CC8159E00642EDC /* Products */ = {
			isa = PBXGroup;
			children = (
				F2F94F412CC8159E00642EDC /* WordleWarriors.app */,
			);
			name = Products;
			sourceTree = "<group>";
		};
		F2F94F432CC8159E00642EDC /* WordleWarriors */ = {
			isa = PBXGroup;
			children = (
				F2631D362CED1C150017EFBF /* Leaderboard */,
				F2631D2C2CEAA5780017EFBF /* About Us Screen */,
				F2631D272CE932050017EFBF /* Profile Screen */,
				F2E54D422CD819ED00C8DA5E /* Settings Screen */,
				F2E54D3D2CD812B100C8DA5E /* Home Screen */,
				F2F94F622CC831B900642EDC /* Signup Screen */,
				F2F94F612CC831AE00642EDC /* Login Screen */,
				F2F94F5C2CC8247400642EDC /* images */,
				F2F94F582CC8165F00642EDC /* Main Screen */,
				F2F94F442CC8159E00642EDC /* AppDelegate.swift */,
				F2F94F462CC8159E00642EDC /* SceneDelegate.swift */,
				F2F94F4A2CC8159E00642EDC /* Main.storyboard */,
				F2F94F4D2CC8159F00642EDC /* Assets.xcassets */,
				F2F94F4F2CC8159F00642EDC /* LaunchScreen.storyboard */,
				F2F94F522CC8159F00642EDC /* Info.plist */,
				9DABEBEF2CED2CF700915093 /* words.txt */,
				9D4F9CDC2CEC0D55006C111B /* GoogleService-Info.plist */,
				2EB0E80B2CD016CD00A91900 /* Game Screen */,
				9DABEBF12CED2F7A00915093 /* WordManager.swift */,
			);
			path = WordleWarriors;
			sourceTree = "<group>";
		};
		F2F94F582CC8165F00642EDC /* Main Screen */ = {
			isa = PBXGroup;
			children = (
				F2F94F482CC8159E00642EDC /* ViewController.swift */,
				F2F94F592CC816C600642EDC /* MainView.swift */,
			);
			path = "Main Screen";
			sourceTree = "<group>";
		};
		F2F94F5C2CC8247400642EDC /* images */ = {
			isa = PBXGroup;
			children = (
				F2F94F5F2CC825AF00642EDC /* logo.png */,
			);
			path = images;
			sourceTree = "<group>";
		};
		F2F94F612CC831AE00642EDC /* Login Screen */ = {
			isa = PBXGroup;
			children = (
				F2F94F632CC831FC00642EDC /* LoginView.swift */,
				F2F94F652CC8321200642EDC /* LoginController.swift */,
			);
			path = "Login Screen";
			sourceTree = "<group>";
		};
		F2F94F622CC831B900642EDC /* Signup Screen */ = {
			isa = PBXGroup;
			children = (
				F2F94F672CC8323C00642EDC /* SignupView.swift */,
				F2F94F692CC8324C00642EDC /* SignupController.swift */,
			);
			path = "Signup Screen";
			sourceTree = "<group>";
		};
/* End PBXGroup section */

/* Begin PBXNativeTarget section */
		F2F94F402CC8159E00642EDC /* WordleWarriors */ = {
			isa = PBXNativeTarget;
			buildConfigurationList = F2F94F552CC8159F00642EDC /* Build configuration list for PBXNativeTarget "WordleWarriors" */;
			buildPhases = (
				F2F94F3D2CC8159E00642EDC /* Sources */,
				F2F94F3E2CC8159E00642EDC /* Frameworks */,
				F2F94F3F2CC8159E00642EDC /* Resources */,
			);
			buildRules = (
			);
			dependencies = (
			);
			name = WordleWarriors;
			packageProductDependencies = (
				9D58D7252CC9BEDA00C31811 /* FirebaseDatabase */,
				9DA77E842CCB2D3C00ABECC5 /* FirebaseAuth */,
				9DA77E862CCB2D3C00ABECC5 /* FirebaseFirestore */,
				9DA77E882CCB2D3C00ABECC5 /* FirebaseStorage */,
				9D4229BD2CCB36FF0046602D /* FirebaseCore */,
				F2631D342CED14A90017EFBF /* Algorithms */,
			);
			productName = WordleWarriors;
			productReference = F2F94F412CC8159E00642EDC /* WordleWarriors.app */;
			productType = "com.apple.product-type.application";
		};
/* End PBXNativeTarget section */

/* Begin PBXProject section */
		F2F94F392CC8159E00642EDC /* Project object */ = {
			isa = PBXProject;
			attributes = {
				BuildIndependentTargetsInParallel = 1;
				LastSwiftUpdateCheck = 1540;
				LastUpgradeCheck = 1540;
				TargetAttributes = {
					F2F94F402CC8159E00642EDC = {
						CreatedOnToolsVersion = 15.4;
					};
				};
			};
			buildConfigurationList = F2F94F3C2CC8159E00642EDC /* Build configuration list for PBXProject "WordleWarriors" */;
			compatibilityVersion = "Xcode 14.0";
			developmentRegion = en;
			hasScannedForEncodings = 0;
			knownRegions = (
				en,
				Base,
			);
			mainGroup = F2F94F382CC8159E00642EDC;
			packageReferences = (
				9D58D7242CC9BEDA00C31811 /* XCRemoteSwiftPackageReference "firebase-ios-sdk" */,
				F2631D332CED14A90017EFBF /* XCRemoteSwiftPackageReference "swift-algorithms" */,
			);
			productRefGroup = F2F94F422CC8159E00642EDC /* Products */;
			projectDirPath = "";
			projectRoot = "";
			targets = (
				F2F94F402CC8159E00642EDC /* WordleWarriors */,
			);
		};
/* End PBXProject section */

/* Begin PBXResourcesBuildPhase section */
		F2F94F3F2CC8159E00642EDC /* Resources */ = {
			isa = PBXResourcesBuildPhase;
			buildActionMask = 2147483647;
			files = (
				F2F94F602CC825AF00642EDC /* logo.png in Resources */,
				F2F94F4E2CC8159F00642EDC /* Assets.xcassets in Resources */,
				9D4F9CDD2CEC0D56006C111B /* GoogleService-Info.plist in Resources */,
				F2F94F512CC8159F00642EDC /* Base in Resources */,
				9DABEBF02CED2CF700915093 /* words.txt in Resources */,
				F2F94F4C2CC8159E00642EDC /* Base in Resources */,
			);
			runOnlyForDeploymentPostprocessing = 0;
		};
/* End PBXResourcesBuildPhase section */

/* Begin PBXSourcesBuildPhase section */
		F2F94F3D2CC8159E00642EDC /* Sources */ = {
			isa = PBXSourcesBuildPhase;
			buildActionMask = 2147483647;
			files = (
				9DABEBF22CED2F7B00915093 /* WordManager.swift in Sources */,
				F2E54D442CD81A0200C8DA5E /* SettingsView.swift in Sources */,
				F2F94F682CC8323C00642EDC /* SignupView.swift in Sources */,
				F2E54D412CD812E900C8DA5E /* HomeView.swift in Sources */,
				2EB0E8082CD0169E00A91900 /* GameBoardViewController.swift in Sources */,
				2EB0E8062CD0168400A91900 /* KeyboardViewController.swift in Sources */,
				F2631D382CED1C290017EFBF /* LeaderboardController.swift in Sources */,
				9D4F9CDB2CEC0153006C111B /* GameFirebaseManager.swift in Sources */,
				F2E54D462CD81A1300C8DA5E /* SettingsController.swift in Sources */,
				F2F94F492CC8159E00642EDC /* ViewController.swift in Sources */,
				F2631D292CE932230017EFBF /* ProfileViewController.swift in Sources */,
				F2F94F662CC8321200642EDC /* LoginController.swift in Sources */,
				2EB0E8042CD0166200A91900 /* KeyboardView.swift in Sources */,
				F2631D2B2CE932340017EFBF /* ProfileView.swift in Sources */,
				F2631D3C2CED1F310017EFBF /* LeaderboardCell.swift in Sources */,
				F2E54D3F2CD812DE00C8DA5E /* HomeController.swift in Sources */,
				F2F94F6A2CC8324C00642EDC /* SignupController.swift in Sources */,
				F2631D3A2CED1C390017EFBF /* LeaderboardView.swift in Sources */,
				F2631D2E2CEAA5A00017EFBF /* AboutUsView.swift in Sources */,
				F2F94F5A2CC816C600642EDC /* MainView.swift in Sources */,
				F2F94F452CC8159E00642EDC /* AppDelegate.swift in Sources */,
				F2F94F642CC831FC00642EDC /* LoginView.swift in Sources */,
				F2631D302CEAA5B20017EFBF /* AboutUsController.swift in Sources */,
				F2F94F472CC8159E00642EDC /* SceneDelegate.swift in Sources */,
				2EB0E80A2CD016B700A91900 /* GameBoardView.swift in Sources */,
			);
			runOnlyForDeploymentPostprocessing = 0;
		};
/* End PBXSourcesBuildPhase section */

/* Begin PBXVariantGroup section */
		F2F94F4A2CC8159E00642EDC /* Main.storyboard */ = {
			isa = PBXVariantGroup;
			children = (
				F2F94F4B2CC8159E00642EDC /* Base */,
			);
			name = Main.storyboard;
			sourceTree = "<group>";
		};
		F2F94F4F2CC8159F00642EDC /* LaunchScreen.storyboard */ = {
			isa = PBXVariantGroup;
			children = (
				F2F94F502CC8159F00642EDC /* Base */,
			);
			name = LaunchScreen.storyboard;
			sourceTree = "<group>";
		};
/* End PBXVariantGroup section */

/* Begin XCBuildConfiguration section */
		F2F94F532CC8159F00642EDC /* Debug */ = {
			isa = XCBuildConfiguration;
			buildSettings = {
				ALWAYS_SEARCH_USER_PATHS = NO;
				ASSETCATALOG_COMPILER_GENERATE_SWIFT_ASSET_SYMBOL_EXTENSIONS = YES;
				CLANG_ANALYZER_NONNULL = YES;
				CLANG_ANALYZER_NUMBER_OBJECT_CONVERSION = YES_AGGRESSIVE;
				CLANG_CXX_LANGUAGE_STANDARD = "gnu++20";
				CLANG_ENABLE_MODULES = YES;
				CLANG_ENABLE_OBJC_ARC = YES;
				CLANG_ENABLE_OBJC_WEAK = YES;
				CLANG_WARN_BLOCK_CAPTURE_AUTORELEASING = YES;
				CLANG_WARN_BOOL_CONVERSION = YES;
				CLANG_WARN_COMMA = YES;
				CLANG_WARN_CONSTANT_CONVERSION = YES;
				CLANG_WARN_DEPRECATED_OBJC_IMPLEMENTATIONS = YES;
				CLANG_WARN_DIRECT_OBJC_ISA_USAGE = YES_ERROR;
				CLANG_WARN_DOCUMENTATION_COMMENTS = YES;
				CLANG_WARN_EMPTY_BODY = YES;
				CLANG_WARN_ENUM_CONVERSION = YES;
				CLANG_WARN_INFINITE_RECURSION = YES;
				CLANG_WARN_INT_CONVERSION = YES;
				CLANG_WARN_NON_LITERAL_NULL_CONVERSION = YES;
				CLANG_WARN_OBJC_IMPLICIT_RETAIN_SELF = YES;
				CLANG_WARN_OBJC_LITERAL_CONVERSION = YES;
				CLANG_WARN_OBJC_ROOT_CLASS = YES_ERROR;
				CLANG_WARN_QUOTED_INCLUDE_IN_FRAMEWORK_HEADER = YES;
				CLANG_WARN_RANGE_LOOP_ANALYSIS = YES;
				CLANG_WARN_STRICT_PROTOTYPES = YES;
				CLANG_WARN_SUSPICIOUS_MOVE = YES;
				CLANG_WARN_UNGUARDED_AVAILABILITY = YES_AGGRESSIVE;
				CLANG_WARN_UNREACHABLE_CODE = YES;
				CLANG_WARN__DUPLICATE_METHOD_MATCH = YES;
				COPY_PHASE_STRIP = NO;
				DEBUG_INFORMATION_FORMAT = dwarf;
				ENABLE_STRICT_OBJC_MSGSEND = YES;
				ENABLE_TESTABILITY = YES;
				ENABLE_USER_SCRIPT_SANDBOXING = YES;
				GCC_C_LANGUAGE_STANDARD = gnu17;
				GCC_DYNAMIC_NO_PIC = NO;
				GCC_NO_COMMON_BLOCKS = YES;
				GCC_OPTIMIZATION_LEVEL = 0;
				GCC_PREPROCESSOR_DEFINITIONS = (
					"DEBUG=1",
					"$(inherited)",
				);
				GCC_WARN_64_TO_32_BIT_CONVERSION = YES;
				GCC_WARN_ABOUT_RETURN_TYPE = YES_ERROR;
				GCC_WARN_UNDECLARED_SELECTOR = YES;
				GCC_WARN_UNINITIALIZED_AUTOS = YES_AGGRESSIVE;
				GCC_WARN_UNUSED_FUNCTION = YES;
				GCC_WARN_UNUSED_VARIABLE = YES;
				IPHONEOS_DEPLOYMENT_TARGET = 17.5;
				LOCALIZATION_PREFERS_STRING_CATALOGS = YES;
				MTL_ENABLE_DEBUG_INFO = INCLUDE_SOURCE;
				MTL_FAST_MATH = YES;
				ONLY_ACTIVE_ARCH = YES;
				SDKROOT = iphoneos;
				SWIFT_ACTIVE_COMPILATION_CONDITIONS = "DEBUG $(inherited)";
				SWIFT_OPTIMIZATION_LEVEL = "-Onone";
			};
			name = Debug;
		};
		F2F94F542CC8159F00642EDC /* Release */ = {
			isa = XCBuildConfiguration;
			buildSettings = {
				ALWAYS_SEARCH_USER_PATHS = NO;
				ASSETCATALOG_COMPILER_GENERATE_SWIFT_ASSET_SYMBOL_EXTENSIONS = YES;
				CLANG_ANALYZER_NONNULL = YES;
				CLANG_ANALYZER_NUMBER_OBJECT_CONVERSION = YES_AGGRESSIVE;
				CLANG_CXX_LANGUAGE_STANDARD = "gnu++20";
				CLANG_ENABLE_MODULES = YES;
				CLANG_ENABLE_OBJC_ARC = YES;
				CLANG_ENABLE_OBJC_WEAK = YES;
				CLANG_WARN_BLOCK_CAPTURE_AUTORELEASING = YES;
				CLANG_WARN_BOOL_CONVERSION = YES;
				CLANG_WARN_COMMA = YES;
				CLANG_WARN_CONSTANT_CONVERSION = YES;
				CLANG_WARN_DEPRECATED_OBJC_IMPLEMENTATIONS = YES;
				CLANG_WARN_DIRECT_OBJC_ISA_USAGE = YES_ERROR;
				CLANG_WARN_DOCUMENTATION_COMMENTS = YES;
				CLANG_WARN_EMPTY_BODY = YES;
				CLANG_WARN_ENUM_CONVERSION = YES;
				CLANG_WARN_INFINITE_RECURSION = YES;
				CLANG_WARN_INT_CONVERSION = YES;
				CLANG_WARN_NON_LITERAL_NULL_CONVERSION = YES;
				CLANG_WARN_OBJC_IMPLICIT_RETAIN_SELF = YES;
				CLANG_WARN_OBJC_LITERAL_CONVERSION = YES;
				CLANG_WARN_OBJC_ROOT_CLASS = YES_ERROR;
				CLANG_WARN_QUOTED_INCLUDE_IN_FRAMEWORK_HEADER = YES;
				CLANG_WARN_RANGE_LOOP_ANALYSIS = YES;
				CLANG_WARN_STRICT_PROTOTYPES = YES;
				CLANG_WARN_SUSPICIOUS_MOVE = YES;
				CLANG_WARN_UNGUARDED_AVAILABILITY = YES_AGGRESSIVE;
				CLANG_WARN_UNREACHABLE_CODE = YES;
				CLANG_WARN__DUPLICATE_METHOD_MATCH = YES;
				COPY_PHASE_STRIP = NO;
				DEBUG_INFORMATION_FORMAT = "dwarf-with-dsym";
				ENABLE_NS_ASSERTIONS = NO;
				ENABLE_STRICT_OBJC_MSGSEND = YES;
				ENABLE_USER_SCRIPT_SANDBOXING = YES;
				GCC_C_LANGUAGE_STANDARD = gnu17;
				GCC_NO_COMMON_BLOCKS = YES;
				GCC_WARN_64_TO_32_BIT_CONVERSION = YES;
				GCC_WARN_ABOUT_RETURN_TYPE = YES_ERROR;
				GCC_WARN_UNDECLARED_SELECTOR = YES;
				GCC_WARN_UNINITIALIZED_AUTOS = YES_AGGRESSIVE;
				GCC_WARN_UNUSED_FUNCTION = YES;
				GCC_WARN_UNUSED_VARIABLE = YES;
				IPHONEOS_DEPLOYMENT_TARGET = 17.5;
				LOCALIZATION_PREFERS_STRING_CATALOGS = YES;
				MTL_ENABLE_DEBUG_INFO = NO;
				MTL_FAST_MATH = YES;
				SDKROOT = iphoneos;
				SWIFT_COMPILATION_MODE = wholemodule;
				VALIDATE_PRODUCT = YES;
			};
			name = Release;
		};
		F2F94F562CC8159F00642EDC /* Debug */ = {
			isa = XCBuildConfiguration;
			buildSettings = {
				ASSETCATALOG_COMPILER_APPICON_NAME = AppIcon;
				ASSETCATALOG_COMPILER_GLOBAL_ACCENT_COLOR_NAME = AccentColor;
				CODE_SIGN_STYLE = Automatic;
				CURRENT_PROJECT_VERSION = 1;
				DEVELOPMENT_TEAM = T3X9DP5ZGX;
				GENERATE_INFOPLIST_FILE = YES;
				INFOPLIST_FILE = WordleWarriors/Info.plist;
				INFOPLIST_KEY_UIApplicationSupportsIndirectInputEvents = YES;
				INFOPLIST_KEY_UILaunchStoryboardName = LaunchScreen;
				INFOPLIST_KEY_UIMainStoryboardFile = Main;
				INFOPLIST_KEY_UISupportedInterfaceOrientations_iPad = "UIInterfaceOrientationPortrait UIInterfaceOrientationPortraitUpsideDown UIInterfaceOrientationLandscapeLeft UIInterfaceOrientationLandscapeRight";
				INFOPLIST_KEY_UISupportedInterfaceOrientations_iPhone = "UIInterfaceOrientationPortrait UIInterfaceOrientationLandscapeLeft UIInterfaceOrientationLandscapeRight";
				LD_RUNPATH_SEARCH_PATHS = (
					"$(inherited)",
					"@executable_path/Frameworks",
				);
				MARKETING_VERSION = 1.0;
				PRODUCT_BUNDLE_IDENTIFIER = com.nuios.WordleWarriors;
				PRODUCT_NAME = "$(TARGET_NAME)";
				SWIFT_EMIT_LOC_STRINGS = YES;
				SWIFT_VERSION = 5.0;
				TARGETED_DEVICE_FAMILY = "1,2";
			};
			name = Debug;
		};
		F2F94F572CC8159F00642EDC /* Release */ = {
			isa = XCBuildConfiguration;
			buildSettings = {
				ASSETCATALOG_COMPILER_APPICON_NAME = AppIcon;
				ASSETCATALOG_COMPILER_GLOBAL_ACCENT_COLOR_NAME = AccentColor;
				CODE_SIGN_STYLE = Automatic;
				CURRENT_PROJECT_VERSION = 1;
				DEVELOPMENT_TEAM = T3X9DP5ZGX;
				GENERATE_INFOPLIST_FILE = YES;
				INFOPLIST_FILE = WordleWarriors/Info.plist;
				INFOPLIST_KEY_UIApplicationSupportsIndirectInputEvents = YES;
				INFOPLIST_KEY_UILaunchStoryboardName = LaunchScreen;
				INFOPLIST_KEY_UIMainStoryboardFile = Main;
				INFOPLIST_KEY_UISupportedInterfaceOrientations_iPad = "UIInterfaceOrientationPortrait UIInterfaceOrientationPortraitUpsideDown UIInterfaceOrientationLandscapeLeft UIInterfaceOrientationLandscapeRight";
				INFOPLIST_KEY_UISupportedInterfaceOrientations_iPhone = "UIInterfaceOrientationPortrait UIInterfaceOrientationLandscapeLeft UIInterfaceOrientationLandscapeRight";
				LD_RUNPATH_SEARCH_PATHS = (
					"$(inherited)",
					"@executable_path/Frameworks",
				);
				MARKETING_VERSION = 1.0;
				PRODUCT_BUNDLE_IDENTIFIER = com.nuios.WordleWarriors;
				PRODUCT_NAME = "$(TARGET_NAME)";
				SWIFT_EMIT_LOC_STRINGS = YES;
				SWIFT_VERSION = 5.0;
				TARGETED_DEVICE_FAMILY = "1,2";
			};
			name = Release;
		};
/* End XCBuildConfiguration section */

/* Begin XCConfigurationList section */
		F2F94F3C2CC8159E00642EDC /* Build configuration list for PBXProject "WordleWarriors" */ = {
			isa = XCConfigurationList;
			buildConfigurations = (
				F2F94F532CC8159F00642EDC /* Debug */,
				F2F94F542CC8159F00642EDC /* Release */,
			);
			defaultConfigurationIsVisible = 0;
			defaultConfigurationName = Release;
		};
		F2F94F552CC8159F00642EDC /* Build configuration list for PBXNativeTarget "WordleWarriors" */ = {
			isa = XCConfigurationList;
			buildConfigurations = (
				F2F94F562CC8159F00642EDC /* Debug */,
				F2F94F572CC8159F00642EDC /* Release */,
			);
			defaultConfigurationIsVisible = 0;
			defaultConfigurationName = Release;
		};
/* End XCConfigurationList section */

/* Begin XCRemoteSwiftPackageReference section */
		9D58D7242CC9BEDA00C31811 /* XCRemoteSwiftPackageReference "firebase-ios-sdk" */ = {
			isa = XCRemoteSwiftPackageReference;
			repositoryURL = "https://github.com/firebase/firebase-ios-sdk";
			requirement = {
				kind = upToNextMajorVersion;
				minimumVersion = 11.4.0;
			};
		};
		F2631D332CED14A90017EFBF /* XCRemoteSwiftPackageReference "swift-algorithms" */ = {
			isa = XCRemoteSwiftPackageReference;
			repositoryURL = "https://github.com/apple/swift-algorithms.git";
			requirement = {
				kind = upToNextMajorVersion;
				minimumVersion = 1.2.0;
			};
		};
/* End XCRemoteSwiftPackageReference section */

/* Begin XCSwiftPackageProductDependency section */
		9D4229BD2CCB36FF0046602D /* FirebaseCore */ = {
			isa = XCSwiftPackageProductDependency;
			package = 9D58D7242CC9BEDA00C31811 /* XCRemoteSwiftPackageReference "firebase-ios-sdk" */;
			productName = FirebaseCore;
		};
		9D58D7252CC9BEDA00C31811 /* FirebaseDatabase */ = {
			isa = XCSwiftPackageProductDependency;
			package = 9D58D7242CC9BEDA00C31811 /* XCRemoteSwiftPackageReference "firebase-ios-sdk" */;
			productName = FirebaseDatabase;
		};
		9DA77E842CCB2D3C00ABECC5 /* FirebaseAuth */ = {
			isa = XCSwiftPackageProductDependency;
			package = 9D58D7242CC9BEDA00C31811 /* XCRemoteSwiftPackageReference "firebase-ios-sdk" */;
			productName = FirebaseAuth;
		};
		9DA77E862CCB2D3C00ABECC5 /* FirebaseFirestore */ = {
			isa = XCSwiftPackageProductDependency;
			package = 9D58D7242CC9BEDA00C31811 /* XCRemoteSwiftPackageReference "firebase-ios-sdk" */;
			productName = FirebaseFirestore;
		};
		9DA77E882CCB2D3C00ABECC5 /* FirebaseStorage */ = {
			isa = XCSwiftPackageProductDependency;
			package = 9D58D7242CC9BEDA00C31811 /* XCRemoteSwiftPackageReference "firebase-ios-sdk" */;
			productName = FirebaseStorage;
		};
		F2631D342CED14A90017EFBF /* Algorithms */ = {
			isa = XCSwiftPackageProductDependency;
			package = F2631D332CED14A90017EFBF /* XCRemoteSwiftPackageReference "swift-algorithms" */;
			productName = Algorithms;
		};
/* End XCSwiftPackageProductDependency section */
	};
	rootObject = F2F94F392CC8159E00642EDC /* Project object */;
}
